
Microsoft Visual Studio Solution File, Format Version 12.00
# Visual Studio Version 17
VisualStudioVersion = 17.0.31903.59
MinimumVisualStudioVersion = 10.0.40219.1
Project("{2150E333-8FDC-42A3-9474-1A3956D46DE8}") = "src", "src", "{827E0CD3-B72D-47B6-A68D-7590B98EB39B}"
EndProject
Project("{FAE04EC0-301F-11D3-BF4B-00C04F79EFBC}") = "RestPos.Api", "src\RestPos.Api\RestPos.Api.csproj", "{7CA2E7A5-67A5-4C74-BC74-14774817ED3C}"
EndProject
Project("{FAE04EC0-301F-11D3-BF4B-00C04F79EFBC}") = "RestPos.Application", "src\RestPos.Application\RestPos.Application.csproj", "{F4FA2E94-97B9-464B-BF47-9FB854D4BDA2}"
EndProject
Project("{FAE04EC0-301F-11D3-BF4B-00C04F79EFBC}") = "RestPos.Domain", "src\RestPos.Domain\RestPos.Domain.csproj", "{E5F4A28D-DA08-46CC-8E62-447CEE046702}"
EndProject
Project("{FAE04EC0-301F-11D3-BF4B-00C04F79EFBC}") = "RestPos.Data", "src\RestPos.Data\RestPos.Data.csproj", "{4B44C6F6-2BF6-4B04-9A37-E6EDD9858972}"
EndProject
Project("{FAE04EC0-301F-11D3-BF4B-00C04F79EFBC}") = "RestPos.Infrastructure", "src\RestPos.Infrastructure\RestPos.Infrastructure.csproj", "{D7C0F7F0-39BA-42FA-8C31-CF6AF6A44714}"
EndProject
Project("{FAE04EC0-301F-11D3-BF4B-00C04F79EFBC}") = "RestPos.Tests", "tests\RestPos.Tests\RestPos.Tests.csproj", "{42B1C041-B10C-4023-A2CD-043DCC2BF934}"
EndProject
Global
	GlobalSection(SolutionConfigurationPlatforms) = preSolution
		Debug|Any CPU = Debug|Any CPU
		Debug|x64 = Debug|x64
		Debug|x86 = Debug|x86
		Release|Any CPU = Release|Any CPU
		Release|x64 = Release|x64
		Release|x86 = Release|x86
	EndGlobalSection
	GlobalSection(ProjectConfigurationPlatforms) = postSolution
		{7CA2E7A5-67A5-4C74-BC74-14774817ED3C}.Debug|Any CPU.ActiveCfg = Debug|Any CPU
		{7CA2E7A5-67A5-4C74-BC74-14774817ED3C}.Debug|Any CPU.Build.0 = Debug|Any CPU
		{7CA2E7A5-67A5-4C74-BC74-14774817ED3C}.Debug|x64.ActiveCfg = Debug|Any CPU
		{7CA2E7A5-67A5-4C74-BC74-14774817ED3C}.Debug|x64.Build.0 = Debug|Any CPU
		{7CA2E7A5-67A5-4C74-BC74-14774817ED3C}.Debug|x86.ActiveCfg = Debug|Any CPU
		{7CA2E7A5-67A5-4C74-BC74-14774817ED3C}.Debug|x86.Build.0 = Debug|Any CPU
		{7CA2E7A5-67A5-4C74-BC74-14774817ED3C}.Release|Any CPU.ActiveCfg = Release|Any CPU
		{7CA2E7A5-67A5-4C74-BC74-14774817ED3C}.Release|Any CPU.Build.0 = Release|Any CPU
		{7CA2E7A5-67A5-4C74-BC74-14774817ED3C}.Release|x64.ActiveCfg = Release|Any CPU
		{7CA2E7A5-67A5-4C74-BC74-14774817ED3C}.Release|x64.Build.0 = Release|Any CPU
		{7CA2E7A5-67A5-4C74-BC74-14774817ED3C}.Release|x86.ActiveCfg = Release|Any CPU
		{7CA2E7A5-67A5-4C74-BC74-14774817ED3C}.Release|x86.Build.0 = Release|Any CPU
		{F4FA2E94-97B9-464B-BF47-9FB854D4BDA2}.Debug|Any CPU.ActiveCfg = Debug|Any CPU
		{F4FA2E94-97B9-464B-BF47-9FB854D4BDA2}.Debug|Any CPU.Build.0 = Debug|Any CPU
		{F4FA2E94-97B9-464B-BF47-9FB854D4BDA2}.Debug|x64.ActiveCfg = Debug|Any CPU
		{F4FA2E94-97B9-464B-BF47-9FB854D4BDA2}.Debug|x64.Build.0 = Debug|Any CPU
		{F4FA2E94-97B9-464B-BF47-9FB854D4BDA2}.Debug|x86.ActiveCfg = Debug|Any CPU
		{F4FA2E94-97B9-464B-BF47-9FB854D4BDA2}.Debug|x86.Build.0 = Debug|Any CPU
		{F4FA2E94-97B9-464B-BF47-9FB854D4BDA2}.Release|Any CPU.ActiveCfg = Release|Any CPU
		{F4FA2E94-97B9-464B-BF47-9FB854D4BDA2}.Release|Any CPU.Build.0 = Release|Any CPU
		{F4FA2E94-97B9-464B-BF47-9FB854D4BDA2}.Release|x64.ActiveCfg = Release|Any CPU
		{F4FA2E94-97B9-464B-BF47-9FB854D4BDA2}.Release|x64.Build.0 = Release|Any CPU
		{F4FA2E94-97B9-464B-BF47-9FB854D4BDA2}.Release|x86.ActiveCfg = Release|Any CPU
		{F4FA2E94-97B9-464B-BF47-9FB854D4BDA2}.Release|x86.Build.0 = Release|Any CPU
		{E5F4A28D-DA08-46CC-8E62-447CEE046702}.Debug|Any CPU.ActiveCfg = Debug|Any CPU
		{E5F4A28D-DA08-46CC-8E62-447CEE046702}.Debug|Any CPU.Build.0 = Debug|Any CPU
		{E5F4A28D-DA08-46CC-8E62-447CEE046702}.Debug|x64.ActiveCfg = Debug|Any CPU
		{E5F4A28D-DA08-46CC-8E62-447CEE046702}.Debug|x64.Build.0 = Debug|Any CPU
		{E5F4A28D-DA08-46CC-8E62-447CEE046702}.Debug|x86.ActiveCfg = Debug|Any CPU
		{E5F4A28D-DA08-46CC-8E62-447CEE046702}.Debug|x86.Build.0 = Debug|Any CPU
		{E5F4A28D-DA08-46CC-8E62-447CEE046702}.Release|Any CPU.ActiveCfg = Release|Any CPU
		{E5F4A28D-DA08-46CC-8E62-447CEE046702}.Release|Any CPU.Build.0 = Release|Any CPU
		{E5F4A28D-DA08-46CC-8E62-447CEE046702}.Release|x64.ActiveCfg = Release|Any CPU
		{E5F4A28D-DA08-46CC-8E62-447CEE046702}.Release|x64.Build.0 = Release|Any CPU
		{E5F4A28D-DA08-46CC-8E62-447CEE046702}.Release|x86.ActiveCfg = Release|Any CPU
		{E5F4A28D-DA08-46CC-8E62-447CEE046702}.Release|x86.Build.0 = Release|Any CPU
		{4B44C6F6-2BF6-4B04-9A37-E6EDD9858972}.Debug|Any CPU.ActiveCfg = Debug|Any CPU
		{4B44C6F6-2BF6-4B04-9A37-E6EDD9858972}.Debug|Any CPU.Build.0 = Debug|Any CPU
		{4B44C6F6-2BF6-4B04-9A37-E6EDD9858972}.Debug|x64.ActiveCfg = Debug|Any CPU
		{4B44C6F6-2BF6-4B04-9A37-E6EDD9858972}.Debug|x64.Build.0 = Debug|Any CPU
		{4B44C6F6-2BF6-4B04-9A37-E6EDD9858972}.Debug|x86.ActiveCfg = Debug|Any CPU
		{4B44C6F6-2BF6-4B04-9A37-E6EDD9858972}.Debug|x86.Build.0 = Debug|Any CPU
		{4B44C6F6-2BF6-4B04-9A37-E6EDD9858972}.Release|Any CPU.ActiveCfg = Release|Any CPU
		{4B44C6F6-2BF6-4B04-9A37-E6EDD9858972}.Release|Any CPU.Build.0 = Release|Any CPU
		{4B44C6F6-2BF6-4B04-9A37-E6EDD9858972}.Release|x64.ActiveCfg = Release|Any CPU
		{4B44C6F6-2BF6-4B04-9A37-E6EDD9858972}.Release|x64.Build.0 = Release|Any CPU
		{4B44C6F6-2BF6-4B04-9A37-E6EDD9858972}.Release|x86.ActiveCfg = Release|Any CPU
		{4B44C6F6-2BF6-4B04-9A37-E6EDD9858972}.Release|x86.Build.0 = Release|Any CPU
		{D7C0F7F0-39BA-42FA-8C31-CF6AF6A44714}.Debug|Any CPU.ActiveCfg = Debug|Any CPU
		{D7C0F7F0-39BA-42FA-8C31-CF6AF6A44714}.Debug|Any CPU.Build.0 = Debug|Any CPU
		{D7C0F7F0-39BA-42FA-8C31-CF6AF6A44714}.Debug|x64.ActiveCfg = Debug|Any CPU
		{D7C0F7F0-39BA-42FA-8C31-CF6AF6A44714}.Debug|x64.Build.0 = Debug|Any CPU
		{D7C0F7F0-39BA-42FA-8C31-CF6AF6A44714}.Debug|x86.ActiveCfg = Debug|Any CPU
		{D7C0F7F0-39BA-42FA-8C31-CF6AF6A44714}.Debug|x86.Build.0 = Debug|Any CPU
		{D7C0F7F0-39BA-42FA-8C31-CF6AF6A44714}.Release|Any CPU.ActiveCfg = Release|Any CPU
		{D7C0F7F0-39BA-42FA-8C31-CF6AF6A44714}.Release|Any CPU.Build.0 = Release|Any CPU
		{D7C0F7F0-39BA-42FA-8C31-CF6AF6A44714}.Release|x64.ActiveCfg = Release|Any CPU
		{D7C0F7F0-39BA-42FA-8C31-CF6AF6A44714}.Release|x64.Build.0 = Release|Any CPU
		{D7C0F7F0-39BA-42FA-8C31-CF6AF6A44714}.Release|x86.ActiveCfg = Release|Any CPU
		{D7C0F7F0-39BA-42FA-8C31-CF6AF6A44714}.Release|x86.Build.0 = Release|Any CPU
		{42B1C041-B10C-4023-A2CD-043DCC2BF934}.Debug|Any CPU.ActiveCfg = Debug|Any CPU
		{42B1C041-B10C-4023-A2CD-043DCC2BF934}.Debug|Any CPU.Build.0 = Debug|Any CPU
		{42B1C041-B10C-4023-A2CD-043DCC2BF934}.Debug|x64.ActiveCfg = Debug|Any CPU
		{42B1C041-B10C-4023-A2CD-043DCC2BF934}.Debug|x64.Build.0 = Debug|Any CPU
		{42B1C041-B10C-4023-A2CD-043DCC2BF934}.Debug|x86.ActiveCfg = Debug|Any CPU
		{42B1C041-B10C-4023-A2CD-043DCC2BF934}.Debug|x86.Build.0 = Debug|Any CPU
		{42B1C041-B10C-4023-A2CD-043DCC2BF934}.Release|Any CPU.ActiveCfg = Release|Any CPU
		{42B1C041-B10C-4023-A2CD-043DCC2BF934}.Release|Any CPU.Build.0 = Release|Any CPU
		{42B1C041-B10C-4023-A2CD-043DCC2BF934}.Release|x64.ActiveCfg = Release|Any CPU
		{42B1C041-B10C-4023-A2CD-043DCC2BF934}.Release|x64.Build.0 = Release|Any CPU
		{42B1C041-B10C-4023-A2CD-043DCC2BF934}.Release|x86.ActiveCfg = Release|Any CPU
		{42B1C041-B10C-4023-A2CD-043DCC2BF934}.Release|x86.Build.0 = Release|Any CPU
	EndGlobalSection
	GlobalSection(SolutionProperties) = preSolution
		HideSolutionNode = FALSE
	EndGlobalSection
	GlobalSection(NestedProjects) = preSolution
		{7CA2E7A5-67A5-4C74-BC74-14774817ED3C} = {827E0CD3-B72D-47B6-A68D-7590B98EB39B}
		{F4FA2E94-97B9-464B-BF47-9FB854D4BDA2} = {827E0CD3-B72D-47B6-A68D-7590B98EB39B}
		{E5F4A28D-DA08-46CC-8E62-447CEE046702} = {827E0CD3-B72D-47B6-A68D-7590B98EB39B}
		{4B44C6F6-2BF6-4B04-9A37-E6EDD9858972} = {827E0CD3-B72D-47B6-A68D-7590B98EB39B}
		{D7C0F7F0-39BA-42FA-8C31-CF6AF6A44714} = {827E0CD3-B72D-47B6-A68D-7590B98EB39B}
		{42B1C041-B10C-4023-A2CD-043DCC2BF934} = {827E0CD3-B72D-47B6-A68D-7590B98EB39B}
	EndGlobalSection
EndGlobal
